
Microsoft Visual Studio Solution File, Format Version 12.00
# Visual Studio Version 16
VisualStudioVersion = 16.0.29209.62
MinimumVisualStudioVersion = 10.0.40219.1
Project("{FAE04EC0-301F-11D3-BF4B-00C04F79EFBC}") = "Semana04", "Semana04\Semana04.csproj", "{100A6E55-5F0B-4BFE-8521-4EEE0ECE738B}"
EndProject
Project("{FAE04EC0-301F-11D3-BF4B-00C04F79EFBC}") = "Data", "Data\Data.csproj", "{5EDFFFD0-F735-411C-8367-568FC9A9A69B}"
EndProject
Project("{FAE04EC0-301F-11D3-BF4B-00C04F79EFBC}") = "Business", "Business\Business.csproj", "{032C048B-18BE-448E-A65D-310982D404A2}"
EndProject
Project("{FAE04EC0-301F-11D3-BF4B-00C04F79EFBC}") = "Entity", "Entity\Entity.csproj", "{BD5D056A-BF11-47DF-A9BF-2210BAC793AA}"
EndProject
Global
	GlobalSection(SolutionConfigurationPlatforms) = preSolution
		Debug|Any CPU = Debug|Any CPU
		Release|Any CPU = Release|Any CPU
	EndGlobalSection
	GlobalSection(ProjectConfigurationPlatforms) = postSolution
		{100A6E55-5F0B-4BFE-8521-4EEE0ECE738B}.Debug|Any CPU.ActiveCfg = Debug|Any CPU
		{100A6E55-5F0B-4BFE-8521-4EEE0ECE738B}.Debug|Any CPU.Build.0 = Debug|Any CPU
		{100A6E55-5F0B-4BFE-8521-4EEE0ECE738B}.Release|Any CPU.ActiveCfg = Release|Any CPU
		{100A6E55-5F0B-4BFE-8521-4EEE0ECE738B}.Release|Any CPU.Build.0 = Release|Any CPU
		{5EDFFFD0-F735-411C-8367-568FC9A9A69B}.Debug|Any CPU.ActiveCfg = Debug|Any CPU
		{5EDFFFD0-F735-411C-8367-568FC9A9A69B}.Debug|Any CPU.Build.0 = Debug|Any CPU
		{5EDFFFD0-F735-411C-8367-568FC9A9A69B}.Release|Any CPU.ActiveCfg = Release|Any CPU
		{5EDFFFD0-F735-411C-8367-568FC9A9A69B}.Release|Any CPU.Build.0 = Release|Any CPU
		{032C048B-18BE-448E-A65D-310982D404A2}.Debug|Any CPU.ActiveCfg = Debug|Any CPU
		{032C048B-18BE-448E-A65D-310982D404A2}.Debug|Any CPU.Build.0 = Debug|Any CPU
		{032C048B-18BE-448E-A65D-310982D404A2}.Release|Any CPU.ActiveCfg = Release|Any CPU
		{032C048B-18BE-448E-A65D-310982D404A2}.Release|Any CPU.Build.0 = Release|Any CPU
		{BD5D056A-BF11-47DF-A9BF-2210BAC793AA}.Debug|Any CPU.ActiveCfg = Debug|Any CPU
		{BD5D056A-BF11-47DF-A9BF-2210BAC793AA}.Debug|Any CPU.Build.0 = Debug|Any CPU
		{BD5D056A-BF11-47DF-A9BF-2210BAC793AA}.Release|Any CPU.ActiveCfg = Release|Any CPU
		{BD5D056A-BF11-47DF-A9BF-2210BAC793AA}.Release|Any CPU.Build.0 = Release|Any CPU
	EndGlobalSection
	GlobalSection(SolutionProperties) = preSolution
		HideSolutionNode = FALSE
	EndGlobalSection
	GlobalSection(ExtensibilityGlobals) = postSolution
		SolutionGuid = {CF3AE077-3EE6-4848-8FC4-0A63F83FD41C}
	EndGlobalSection
EndGlobal
